// !$*UTF8*$!
{
	archiveVersion = 1;
	classes = {
	};
	objectVersion = 50;
	objects = {

/* Begin PBXBuildFile section */
		26645A6D2107D9380004D3F7 /* AppDelegate.swift in Sources */ = {isa = PBXBuildFile; fileRef = 26645A6C2107D9380004D3F7 /* AppDelegate.swift */; };
		26645A742107D93A0004D3F7 /* Assets.xcassets in Resources */ = {isa = PBXBuildFile; fileRef = 26645A732107D93A0004D3F7 /* Assets.xcassets */; };
		26645A772107D93A0004D3F7 /* LaunchScreen.storyboard in Resources */ = {isa = PBXBuildFile; fileRef = 26645A752107D93A0004D3F7 /* LaunchScreen.storyboard */; };
		26645A832107EDBC0004D3F7 /* ViewController.swift in Sources */ = {isa = PBXBuildFile; fileRef = 26645A822107EDBC0004D3F7 /* ViewController.swift */; };
		267F25862107F00B00174A37 /* CameraMainView.swift in Sources */ = {isa = PBXBuildFile; fileRef = 267F25852107F00B00174A37 /* CameraMainView.swift */; };
		267F2588210810A100174A37 /* PreviewPhotoVC.swift in Sources */ = {isa = PBXBuildFile; fileRef = 267F2587210810A100174A37 /* PreviewPhotoVC.swift */; };
		267F258A210810C200174A37 /* PreviewPhotoView.swift in Sources */ = {isa = PBXBuildFile; fileRef = 267F2589210810C200174A37 /* PreviewPhotoView.swift */; };
		26E1159C2108E4270024E6DF /* CameraVideoViewController.swift in Sources */ = {isa = PBXBuildFile; fileRef = 26E1159B2108E4270024E6DF /* CameraVideoViewController.swift */; };
		26F29CCA2109A1DD0072D311 /* VC.swift in Sources */ = {isa = PBXBuildFile; fileRef = 26F29CC82109A1DD0072D311 /* VC.swift */; };
		26F29CCB2109A1DD0072D311 /* VC.xib in Resources */ = {isa = PBXBuildFile; fileRef = 26F29CC92109A1DD0072D311 /* VC.xib */; };
		FEFD37D451CB0EEC3C8EDEC8 /* Pods_proCensor.framework in Frameworks */ = {isa = PBXBuildFile; fileRef = CD4FECFC900F31E11C9833F6 /* Pods_proCensor.framework */; };
/* End PBXBuildFile section */

/* Begin PBXFileReference section */
		1B0CE222BFEC87910BACD3E3 /* Pods-proCensor.release.xcconfig */ = {isa = PBXFileReference; includeInIndex = 1; lastKnownFileType = text.xcconfig; name = "Pods-proCensor.release.xcconfig"; path = "Pods/Target Support Files/Pods-proCensor/Pods-proCensor.release.xcconfig"; sourceTree = "<group>"; };
		26645A692107D9380004D3F7 /* proCensor.app */ = {isa = PBXFileReference; explicitFileType = wrapper.application; includeInIndex = 0; path = proCensor.app; sourceTree = BUILT_PRODUCTS_DIR; };
		26645A6C2107D9380004D3F7 /* AppDelegate.swift */ = {isa = PBXFileReference; lastKnownFileType = sourcecode.swift; path = AppDelegate.swift; sourceTree = "<group>"; };
		26645A732107D93A0004D3F7 /* Assets.xcassets */ = {isa = PBXFileReference; lastKnownFileType = folder.assetcatalog; path = Assets.xcassets; sourceTree = "<group>"; };
		26645A762107D93A0004D3F7 /* Base */ = {isa = PBXFileReference; lastKnownFileType = file.storyboard; name = Base; path = Base.lproj/LaunchScreen.storyboard; sourceTree = "<group>"; };
		26645A782107D93A0004D3F7 /* Info.plist */ = {isa = PBXFileReference; lastKnownFileType = text.plist.xml; path = Info.plist; sourceTree = "<group>"; };
		26645A822107EDBC0004D3F7 /* ViewController.swift */ = {isa = PBXFileReference; lastKnownFileType = sourcecode.swift; path = ViewController.swift; sourceTree = "<group>"; };
		267F25852107F00B00174A37 /* CameraMainView.swift */ = {isa = PBXFileReference; lastKnownFileType = sourcecode.swift; path = CameraMainView.swift; sourceTree = "<group>"; };
		267F2587210810A100174A37 /* PreviewPhotoVC.swift */ = {isa = PBXFileReference; lastKnownFileType = sourcecode.swift; path = PreviewPhotoVC.swift; sourceTree = "<group>"; };
		267F2589210810C200174A37 /* PreviewPhotoView.swift */ = {isa = PBXFileReference; lastKnownFileType = sourcecode.swift; path = PreviewPhotoView.swift; sourceTree = "<group>"; };
		26E1159B2108E4270024E6DF /* CameraVideoViewController.swift */ = {isa = PBXFileReference; lastKnownFileType = sourcecode.swift; path = CameraVideoViewController.swift; sourceTree = "<group>"; };
		26F29CC82109A1DD0072D311 /* VC.swift */ = {isa = PBXFileReference; lastKnownFileType = sourcecode.swift; path = VC.swift; sourceTree = "<group>"; };
		26F29CC92109A1DD0072D311 /* VC.xib */ = {isa = PBXFileReference; lastKnownFileType = file.xib; path = VC.xib; sourceTree = "<group>"; };
		AAF15436C9D29943CE77FA1D /* Pods-proCensor.debug.xcconfig */ = {isa = PBXFileReference; includeInIndex = 1; lastKnownFileType = text.xcconfig; name = "Pods-proCensor.debug.xcconfig"; path = "Pods/Target Support Files/Pods-proCensor/Pods-proCensor.debug.xcconfig"; sourceTree = "<group>"; };
		CD4FECFC900F31E11C9833F6 /* Pods_proCensor.framework */ = {isa = PBXFileReference; explicitFileType = wrapper.framework; includeInIndex = 0; path = Pods_proCensor.framework; sourceTree = BUILT_PRODUCTS_DIR; };
/* End PBXFileReference section */

/* Begin PBXFrameworksBuildPhase section */
		26645A662107D9380004D3F7 /* Frameworks */ = {
			isa = PBXFrameworksBuildPhase;
			buildActionMask = 2147483647;
			files = (
				FEFD37D451CB0EEC3C8EDEC8 /* Pods_proCensor.framework in Frameworks */,
			);
			runOnlyForDeploymentPostprocessing = 0;
		};
/* End PBXFrameworksBuildPhase section */

/* Begin PBXGroup section */
		09580019CD23A61A27C7E984 /* Pods */ = {
			isa = PBXGroup;
			children = (
				AAF15436C9D29943CE77FA1D /* Pods-proCensor.debug.xcconfig */,
				1B0CE222BFEC87910BACD3E3 /* Pods-proCensor.release.xcconfig */,
			);
			name = Pods;
			sourceTree = "<group>";
		};
		26645A602107D9380004D3F7 = {
			isa = PBXGroup;
			children = (
				26645A6B2107D9380004D3F7 /* proCensor */,
				26645A6A2107D9380004D3F7 /* Products */,
				09580019CD23A61A27C7E984 /* Pods */,
				969EC87F2F0C04CA3B7E4C78 /* Frameworks */,
			);
			sourceTree = "<group>";
		};
		26645A6A2107D9380004D3F7 /* Products */ = {
			isa = PBXGroup;
			children = (
				26645A692107D9380004D3F7 /* proCensor.app */,
			);
			name = Products;
			sourceTree = "<group>";
		};
		26645A6B2107D9380004D3F7 /* proCensor */ = {
			isa = PBXGroup;
			children = (
				267F25842107EFD100174A37 /* View */,
				267F25832107EFB600174A37 /* Controller */,
				26645A6C2107D9380004D3F7 /* AppDelegate.swift */,
				26645A732107D93A0004D3F7 /* Assets.xcassets */,
				26645A752107D93A0004D3F7 /* LaunchScreen.storyboard */,
				26645A782107D93A0004D3F7 /* Info.plist */,
			);
			path = proCensor;
			sourceTree = "<group>";
		};
		267F25832107EFB600174A37 /* Controller */ = {
			isa = PBXGroup;
			children = (
				26645A822107EDBC0004D3F7 /* ViewController.swift */,
				267F2587210810A100174A37 /* PreviewPhotoVC.swift */,
				26E1159B2108E4270024E6DF /* CameraVideoViewController.swift */,
				26F29CC82109A1DD0072D311 /* VC.swift */,
				26F29CC92109A1DD0072D311 /* VC.xib */,
			);
			path = Controller;
			sourceTree = "<group>";
		};
		267F25842107EFD100174A37 /* View */ = {
			isa = PBXGroup;
			children = (
				267F25852107F00B00174A37 /* CameraMainView.swift */,
				267F2589210810C200174A37 /* PreviewPhotoView.swift */,
			);
			path = View;
			sourceTree = "<group>";
		};
		969EC87F2F0C04CA3B7E4C78 /* Frameworks */ = {
			isa = PBXGroup;
			children = (
				CD4FECFC900F31E11C9833F6 /* Pods_proCensor.framework */,
			);
			name = Frameworks;
			sourceTree = "<group>";
		};
/* End PBXGroup section */

/* Begin PBXNativeTarget section */
		26645A682107D9380004D3F7 /* proCensor */ = {
			isa = PBXNativeTarget;
			buildConfigurationList = 26645A7B2107D93A0004D3F7 /* Build configuration list for PBXNativeTarget "proCensor" */;
			buildPhases = (
				242E2844645AAEDB3912A1B3 /* [CP] Check Pods Manifest.lock */,
				26645A652107D9380004D3F7 /* Sources */,
				26645A662107D9380004D3F7 /* Frameworks */,
				26645A672107D9380004D3F7 /* Resources */,
				EF5A18FC8B6FBBF1063A401F /* [CP] Embed Pods Frameworks */,
			);
			buildRules = (
			);
			dependencies = (
			);
			name = proCensor;
			productName = proCensor;
			productReference = 26645A692107D9380004D3F7 /* proCensor.app */;
			productType = "com.apple.product-type.application";
		};
/* End PBXNativeTarget section */

/* Begin PBXProject section */
		26645A612107D9380004D3F7 /* Project object */ = {
			isa = PBXProject;
			attributes = {
				LastSwiftUpdateCheck = 0940;
				LastUpgradeCheck = 0940;
				ORGANIZATIONNAME = mosDev;
				TargetAttributes = {
					26645A682107D9380004D3F7 = {
						CreatedOnToolsVersion = 9.4.1;
					};
				};
			};
			buildConfigurationList = 26645A642107D9380004D3F7 /* Build configuration list for PBXProject "proCensor" */;
			compatibilityVersion = "Xcode 9.3";
			developmentRegion = en;
			hasScannedForEncodings = 0;
			knownRegions = (
				en,
				Base,
			);
			mainGroup = 26645A602107D9380004D3F7;
			productRefGroup = 26645A6A2107D9380004D3F7 /* Products */;
			projectDirPath = "";
			projectRoot = "";
			targets = (
				26645A682107D9380004D3F7 /* proCensor */,
			);
		};
/* End PBXProject section */

/* Begin PBXResourcesBuildPhase section */
		26645A672107D9380004D3F7 /* Resources */ = {
			isa = PBXResourcesBuildPhase;
			buildActionMask = 2147483647;
			files = (
				26F29CCB2109A1DD0072D311 /* VC.xib in Resources */,
				26645A772107D93A0004D3F7 /* LaunchScreen.storyboard in Resources */,
				26645A742107D93A0004D3F7 /* Assets.xcassets in Resources */,
			);
			runOnlyForDeploymentPostprocessing = 0;
		};
/* End PBXResourcesBuildPhase section */

/* Begin PBXShellScriptBuildPhase section */
		242E2844645AAEDB3912A1B3 /* [CP] Check Pods Manifest.lock */ = {
			isa = PBXShellScriptBuildPhase;
			buildActionMask = 2147483647;
			files = (
			);
			inputPaths = (
				"${PODS_PODFILE_DIR_PATH}/Podfile.lock",
				"${PODS_ROOT}/Manifest.lock",
			);
			name = "[CP] Check Pods Manifest.lock";
			outputPaths = (
				"$(DERIVED_FILE_DIR)/Pods-proCensor-checkManifestLockResult.txt",
			);
			runOnlyForDeploymentPostprocessing = 0;
			shellPath = /bin/sh;
			shellScript = "diff \"${PODS_PODFILE_DIR_PATH}/Podfile.lock\" \"${PODS_ROOT}/Manifest.lock\" > /dev/null\nif [ $? != 0 ] ; then\n    # print error to STDERR\n    echo \"error: The sandbox is not in sync with the Podfile.lock. Run 'pod install' or update your CocoaPods installation.\" >&2\n    exit 1\nfi\n# This output is used by Xcode 'outputs' to avoid re-running this script phase.\necho \"SUCCESS\" > \"${SCRIPT_OUTPUT_FILE_0}\"\n";
			showEnvVarsInLog = 0;
		};
		EF5A18FC8B6FBBF1063A401F /* [CP] Embed Pods Frameworks */ = {
			isa = PBXShellScriptBuildPhase;
			buildActionMask = 2147483647;
			files = (
			);
			inputPaths = (
				"${SRCROOT}/Pods/Target Support Files/Pods-proCensor/Pods-proCensor-frameworks.sh",
				"${BUILT_PRODUCTS_DIR}/SnapKit/SnapKit.framework",
			);
			name = "[CP] Embed Pods Frameworks";
			outputPaths = (
				"${TARGET_BUILD_DIR}/${FRAMEWORKS_FOLDER_PATH}/SnapKit.framework",
			);
			runOnlyForDeploymentPostprocessing = 0;
			shellPath = /bin/sh;
			shellScript = "\"${SRCROOT}/Pods/Target Support Files/Pods-proCensor/Pods-proCensor-frameworks.sh\"\n";
			showEnvVarsInLog = 0;
		};
/* End PBXShellScriptBuildPhase section */

/* Begin PBXSourcesBuildPhase section */
		26645A652107D9380004D3F7 /* Sources */ = {
			isa = PBXSourcesBuildPhase;
			buildActionMask = 2147483647;
			files = (
				267F25862107F00B00174A37 /* CameraMainView.swift in Sources */,
				26E1159C2108E4270024E6DF /* CameraVideoViewController.swift in Sources */,
				26645A832107EDBC0004D3F7 /* ViewController.swift in Sources */,
				26645A6D2107D9380004D3F7 /* AppDelegate.swift in Sources */,
				267F2588210810A100174A37 /* PreviewPhotoVC.swift in Sources */,
				267F258A210810C200174A37 /* PreviewPhotoView.swift in Sources */,
				26F29CCA2109A1DD0072D311 /* VC.swift in Sources */,
			);
			runOnlyForDeploymentPostprocessing = 0;
		};
/* End PBXSourcesBuildPhase section */

/* Begin PBXVariantGroup section */
		26645A752107D93A0004D3F7 /* LaunchScreen.storyboard */ = {
			isa = PBXVariantGroup;
			children = (
				26645A762107D93A0004D3F7 /* Base */,
			);
			name = LaunchScreen.storyboard;
			sourceTree = "<group>";
		};
/* End PBXVariantGroup section */

/* Begin XCBuildConfiguration section */
		26645A792107D93A0004D3F7 /* Debug */ = {
			isa = XCBuildConfiguration;
			buildSettings = {
				ALWAYS_SEARCH_USER_PATHS = NO;
				CLANG_ANALYZER_NONNULL = YES;
				CLANG_ANALYZER_NUMBER_OBJECT_CONVERSION = YES_AGGRESSIVE;
				CLANG_CXX_LANGUAGE_STANDARD = "gnu++14";
				CLANG_CXX_LIBRARY = "libc++";
				CLANG_ENABLE_MODULES = YES;
				CLANG_ENABLE_OBJC_ARC = YES;
				CLANG_ENABLE_OBJC_WEAK = YES;
				CLANG_WARN_BLOCK_CAPTURE_AUTORELEASING = YES;
				CLANG_WARN_BOOL_CONVERSION = YES;
				CLANG_WARN_COMMA = YES;
				CLANG_WARN_CONSTANT_CONVERSION = YES;
				CLANG_WARN_DEPRECATED_OBJC_IMPLEMENTATIONS = YES;
				CLANG_WARN_DIRECT_OBJC_ISA_USAGE = YES_ERROR;
				CLANG_WARN_DOCUMENTATION_COMMENTS = YES;
				CLANG_WARN_EMPTY_BODY = YES;
				CLANG_WARN_ENUM_CONVERSION = YES;
				CLANG_WARN_INFINITE_RECURSION = YES;
				CLANG_WARN_INT_CONVERSION = YES;
				CLANG_WARN_NON_LITERAL_NULL_CONVERSION = YES;
				CLANG_WARN_OBJC_IMPLICIT_RETAIN_SELF = YES;
				CLANG_WARN_OBJC_LITERAL_CONVERSION = YES;
				CLANG_WARN_OBJC_ROOT_CLASS = YES_ERROR;
				CLANG_WARN_RANGE_LOOP_ANALYSIS = YES;
				CLANG_WARN_STRICT_PROTOTYPES = YES;
				CLANG_WARN_SUSPICIOUS_MOVE = YES;
				CLANG_WARN_UNGUARDED_AVAILABILITY = YES_AGGRESSIVE;
				CLANG_WARN_UNREACHABLE_CODE = YES;
				CLANG_WARN__DUPLICATE_METHOD_MATCH = YES;
				CODE_SIGN_IDENTITY = "iPhone Developer";
				COPY_PHASE_STRIP = NO;
				DEBUG_INFORMATION_FORMAT = dwarf;
				ENABLE_STRICT_OBJC_MSGSEND = YES;
				ENABLE_TESTABILITY = YES;
				GCC_C_LANGUAGE_STANDARD = gnu11;
				GCC_DYNAMIC_NO_PIC = NO;
				GCC_NO_COMMON_BLOCKS = YES;
				GCC_OPTIMIZATION_LEVEL = 0;
				GCC_PREPROCESSOR_DEFINITIONS = (
					"DEBUG=1",
					"$(inherited)",
				);
				GCC_WARN_64_TO_32_BIT_CONVERSION = YES;
				GCC_WARN_ABOUT_RETURN_TYPE = YES_ERROR;
				GCC_WARN_UNDECLARED_SELECTOR = YES;
				GCC_WARN_UNINITIALIZED_AUTOS = YES_AGGRESSIVE;
				GCC_WARN_UNUSED_FUNCTION = YES;
				GCC_WARN_UNUSED_VARIABLE = YES;
				IPHONEOS_DEPLOYMENT_TARGET = 11.4;
				MTL_ENABLE_DEBUG_INFO = YES;
				ONLY_ACTIVE_ARCH = YES;
				SDKROOT = iphoneos;
				SWIFT_ACTIVE_COMPILATION_CONDITIONS = DEBUG;
				SWIFT_OPTIMIZATION_LEVEL = "-Onone";
			};
			name = Debug;
		};
		26645A7A2107D93A0004D3F7 /* Release */ = {
			isa = XCBuildConfiguration;
			buildSettings = {
				ALWAYS_SEARCH_USER_PATHS = NO;
				CLANG_ANALYZER_NONNULL = YES;
				CLANG_ANALYZER_NUMBER_OBJECT_CONVERSION = YES_AGGRESSIVE;
				CLANG_CXX_LANGUAGE_STANDARD = "gnu++14";
				CLANG_CXX_LIBRARY = "libc++";
				CLANG_ENABLE_MODULES = YES;
				CLANG_ENABLE_OBJC_ARC = YES;
				CLANG_ENABLE_OBJC_WEAK = YES;
				CLANG_WARN_BLOCK_CAPTURE_AUTORELEASING = YES;
				CLANG_WARN_BOOL_CONVERSION = YES;
				CLANG_WARN_COMMA = YES;
				CLANG_WARN_CONSTANT_CONVERSION = YES;
				CLANG_WARN_DEPRECATED_OBJC_IMPLEMENTATIONS = YES;
				CLANG_WARN_DIRECT_OBJC_ISA_USAGE = YES_ERROR;
				CLANG_WARN_DOCUMENTATION_COMMENTS = YES;
				CLANG_WARN_EMPTY_BODY = YES;
				CLANG_WARN_ENUM_CONVERSION = YES;
				CLANG_WARN_INFINITE_RECURSION = YES;
				CLANG_WARN_INT_CONVERSION = YES;
				CLANG_WARN_NON_LITERAL_NULL_CONVERSION = YES;
				CLANG_WARN_OBJC_IMPLICIT_RETAIN_SELF = YES;
				CLANG_WARN_OBJC_LITERAL_CONVERSION = YES;
				CLANG_WARN_OBJC_ROOT_CLASS = YES_ERROR;
				CLANG_WARN_RANGE_LOOP_ANALYSIS = YES;
				CLANG_WARN_STRICT_PROTOTYPES = YES;
				CLANG_WARN_SUSPICIOUS_MOVE = YES;
				CLANG_WARN_UNGUARDED_AVAILABILITY = YES_AGGRESSIVE;
				CLANG_WARN_UNREACHABLE_CODE = YES;
				CLANG_WARN__DUPLICATE_METHOD_MATCH = YES;
				CODE_SIGN_IDENTITY = "iPhone Developer";
				COPY_PHASE_STRIP = NO;
				DEBUG_INFORMATION_FORMAT = "dwarf-with-dsym";
				ENABLE_NS_ASSERTIONS = NO;
				ENABLE_STRICT_OBJC_MSGSEND = YES;
				GCC_C_LANGUAGE_STANDARD = gnu11;
				GCC_NO_COMMON_BLOCKS = YES;
				GCC_WARN_64_TO_32_BIT_CONVERSION = YES;
				GCC_WARN_ABOUT_RETURN_TYPE = YES_ERROR;
				GCC_WARN_UNDECLARED_SELECTOR = YES;
				GCC_WARN_UNINITIALIZED_AUTOS = YES_AGGRESSIVE;
				GCC_WARN_UNUSED_FUNCTION = YES;
				GCC_WARN_UNUSED_VARIABLE = YES;
				IPHONEOS_DEPLOYMENT_TARGET = 11.4;
				MTL_ENABLE_DEBUG_INFO = NO;
				SDKROOT = iphoneos;
				SWIFT_COMPILATION_MODE = wholemodule;
				SWIFT_OPTIMIZATION_LEVEL = "-O";
				VALIDATE_PRODUCT = YES;
			};
			name = Release;
		};
		26645A7C2107D93A0004D3F7 /* Debug */ = {
			isa = XCBuildConfiguration;
			baseConfigurationReference = AAF15436C9D29943CE77FA1D /* Pods-proCensor.debug.xcconfig */;
			buildSettings = {
				ASSETCATALOG_COMPILER_APPICON_NAME = AppIcon;
				CODE_SIGN_STYLE = Automatic;
				DEVELOPMENT_TEAM = Y979V2DJTF;
				INFOPLIST_FILE = proCensor/Info.plist;
				IPHONEOS_DEPLOYMENT_TARGET = 11.3;
				LD_RUNPATH_SEARCH_PATHS = (
					"$(inherited)",
					"@executable_path/Frameworks",
				);
				PRODUCT_BUNDLE_IDENTIFIER = com.mosdevv.proCensor;
				PRODUCT_NAME = "$(TARGET_NAME)";
				SWIFT_VERSION = 4.0;
				TARGETED_DEVICE_FAMILY = "1,2";
			};
			name = Debug;
		};
		26645A7D2107D93A0004D3F7 /* Release */ = {
			isa = XCBuildConfiguration;
			baseConfigurationReference = 1B0CE222BFEC87910BACD3E3 /* Pods-proCensor.release.xcconfig */;
			buildSettings = {
				ASSETCATALOG_COMPILER_APPICON_NAME = AppIcon;
				CODE_SIGN_STYLE = Automatic;
				DEVELOPMENT_TEAM = Y979V2DJTF;
				INFOPLIST_FILE = proCensor/Info.plist;
				IPHONEOS_DEPLOYMENT_TARGET = 11.3;
				LD_RUNPATH_SEARCH_PATHS = (
					"$(inherited)",
					"@executable_path/Frameworks",
				);
				PRODUCT_BUNDLE_IDENTIFIER = com.mosdevv.proCensor;
				PRODUCT_NAME = "$(TARGET_NAME)";
				SWIFT_VERSION = 4.0;
				TARGETED_DEVICE_FAMILY = "1,2";
			};
			name = Release;
		};
/* End XCBuildConfiguration section */

/* Begin XCConfigurationList section */
		26645A642107D9380004D3F7 /* Build configuration list for PBXProject "proCensor" */ = {
			isa = XCConfigurationList;
			buildConfigurations = (
				26645A792107D93A0004D3F7 /* Debug */,
				26645A7A2107D93A0004D3F7 /* Release */,
			);
			defaultConfigurationIsVisible = 0;
			defaultConfigurationName = Release;
		};
		26645A7B2107D93A0004D3F7 /* Build configuration list for PBXNativeTarget "proCensor" */ = {
			isa = XCConfigurationList;
			buildConfigurations = (
				26645A7C2107D93A0004D3F7 /* Debug */,
				26645A7D2107D93A0004D3F7 /* Release */,
			);
			defaultConfigurationIsVisible = 0;
			defaultConfigurationName = Release;
		};
/* End XCConfigurationList section */
	};
	rootObject = 26645A612107D9380004D3F7 /* Project object */;
}
